
Microsoft Visual Studio Solution File, Format Version 12.00
# Visual Studio 14
VisualStudioVersion = 14.0.25420.1
MinimumVisualStudioVersion = 10.0.40219.1
Project("{FAE04EC0-301F-11D3-BF4B-00C04F79EFBC}") = "ImagesInDb", "ImagesInDb\ImagesInDb\ImagesInDb.csproj", "{7D3A732E-4304-427A-8242-BC7CA0AC057F}"
EndProject
Project("{FAE04EC0-301F-11D3-BF4B-00C04F79EFBC}") = "ImagesInDb.Droid", "ImagesInDb\ImagesInDb.Droid\ImagesInDb.Droid.csproj", "{5026DFF1-82B6-483C-A769-4A6A9CF0A485}"
EndProject
Project("{FAE04EC0-301F-11D3-BF4B-00C04F79EFBC}") = "ImagesInDb.iOS", "ImagesInDb\ImagesInDb.iOS\ImagesInDb.iOS.csproj", "{C1EC239D-DF14-465B-8FEB-83684081AB4D}"
EndProject
Project("{FAE04EC0-301F-11D3-BF4B-00C04F79EFBC}") = "ImagesInDb.UWP", "ImagesInDb\ImagesInDb.UWP\ImagesInDb.UWP.csproj", "{B0E39EFD-A9EF-471B-9E22-C81D38F1BF66}"
EndProject
Project("{2150E333-8FDC-42A3-9474-1A3956D46DE8}") = "Solution Items", "Solution Items", "{868EDA9E-EC47-4B49-B42B-6803A293BB7A}"
	ProjectSection(SolutionItems) = preProject
		C:\Users\malyd\Desktop\imagesInDb.png = C:\Users\malyd\Desktop\imagesInDb.png
	EndProjectSection
EndProject
Global
	GlobalSection(SolutionConfigurationPlatforms) = preSolution
		Ad-Hoc|Any CPU = Ad-Hoc|Any CPU
		Ad-Hoc|ARM = Ad-Hoc|ARM
		Ad-Hoc|iPhone = Ad-Hoc|iPhone
		Ad-Hoc|iPhoneSimulator = Ad-Hoc|iPhoneSimulator
		Ad-Hoc|x64 = Ad-Hoc|x64
		Ad-Hoc|x86 = Ad-Hoc|x86
		AppStore|Any CPU = AppStore|Any CPU
		AppStore|ARM = AppStore|ARM
		AppStore|iPhone = AppStore|iPhone
		AppStore|iPhoneSimulator = AppStore|iPhoneSimulator
		AppStore|x64 = AppStore|x64
		AppStore|x86 = AppStore|x86
		Debug|Any CPU = Debug|Any CPU
		Debug|ARM = Debug|ARM
		Debug|iPhone = Debug|iPhone
		Debug|iPhoneSimulator = Debug|iPhoneSimulator
		Debug|x64 = Debug|x64
		Debug|x86 = Debug|x86
		Release|Any CPU = Release|Any CPU
		Release|ARM = Release|ARM
		Release|iPhone = Release|iPhone
		Release|iPhoneSimulator = Release|iPhoneSimulator
		Release|x64 = Release|x64
		Release|x86 = Release|x86
	EndGlobalSection
	GlobalSection(ProjectConfigurationPlatforms) = postSolution
		{7D3A732E-4304-427A-8242-BC7CA0AC057F}.Ad-Hoc|Any CPU.ActiveCfg = Release|Any CPU
		{7D3A732E-4304-427A-8242-BC7CA0AC057F}.Ad-Hoc|Any CPU.Build.0 = Release|Any CPU
		{7D3A732E-4304-427A-8242-BC7CA0AC057F}.Ad-Hoc|ARM.ActiveCfg = Release|Any CPU
		{7D3A732E-4304-427A-8242-BC7CA0AC057F}.Ad-Hoc|ARM.Build.0 = Release|Any CPU
		{7D3A732E-4304-427A-8242-BC7CA0AC057F}.Ad-Hoc|iPhone.ActiveCfg = Release|Any CPU
		{7D3A732E-4304-427A-8242-BC7CA0AC057F}.Ad-Hoc|iPhone.Build.0 = Release|Any CPU
		{7D3A732E-4304-427A-8242-BC7CA0AC057F}.Ad-Hoc|iPhoneSimulator.ActiveCfg = Release|Any CPU
		{7D3A732E-4304-427A-8242-BC7CA0AC057F}.Ad-Hoc|iPhoneSimulator.Build.0 = Release|Any CPU
		{7D3A732E-4304-427A-8242-BC7CA0AC057F}.Ad-Hoc|x64.ActiveCfg = Release|Any CPU
		{7D3A732E-4304-427A-8242-BC7CA0AC057F}.Ad-Hoc|x64.Build.0 = Release|Any CPU
		{7D3A732E-4304-427A-8242-BC7CA0AC057F}.Ad-Hoc|x86.ActiveCfg = Release|Any CPU
		{7D3A732E-4304-427A-8242-BC7CA0AC057F}.Ad-Hoc|x86.Build.0 = Release|Any CPU
		{7D3A732E-4304-427A-8242-BC7CA0AC057F}.AppStore|Any CPU.ActiveCfg = Release|Any CPU
		{7D3A732E-4304-427A-8242-BC7CA0AC057F}.AppStore|Any CPU.Build.0 = Release|Any CPU
		{7D3A732E-4304-427A-8242-BC7CA0AC057F}.AppStore|ARM.ActiveCfg = Release|Any CPU
		{7D3A732E-4304-427A-8242-BC7CA0AC057F}.AppStore|ARM.Build.0 = Release|Any CPU
		{7D3A732E-4304-427A-8242-BC7CA0AC057F}.AppStore|iPhone.ActiveCfg = Release|Any CPU
		{7D3A732E-4304-427A-8242-BC7CA0AC057F}.AppStore|iPhone.Build.0 = Release|Any CPU
		{7D3A732E-4304-427A-8242-BC7CA0AC057F}.AppStore|iPhoneSimulator.ActiveCfg = Release|Any CPU
		{7D3A732E-4304-427A-8242-BC7CA0AC057F}.AppStore|iPhoneSimulator.Build.0 = Release|Any CPU
		{7D3A732E-4304-427A-8242-BC7CA0AC057F}.AppStore|x64.ActiveCfg = Release|Any CPU
		{7D3A732E-4304-427A-8242-BC7CA0AC057F}.AppStore|x64.Build.0 = Release|Any CPU
		{7D3A732E-4304-427A-8242-BC7CA0AC057F}.AppStore|x86.ActiveCfg = Release|Any CPU
		{7D3A732E-4304-427A-8242-BC7CA0AC057F}.AppStore|x86.Build.0 = Release|Any CPU
		{7D3A732E-4304-427A-8242-BC7CA0AC057F}.Debug|Any CPU.ActiveCfg = Debug|Any CPU
		{7D3A732E-4304-427A-8242-BC7CA0AC057F}.Debug|Any CPU.Build.0 = Debug|Any CPU
		{7D3A732E-4304-427A-8242-BC7CA0AC057F}.Debug|ARM.ActiveCfg = Debug|Any CPU
		{7D3A732E-4304-427A-8242-BC7CA0AC057F}.Debug|ARM.Build.0 = Debug|Any CPU
		{7D3A732E-4304-427A-8242-BC7CA0AC057F}.Debug|iPhone.ActiveCfg = Debug|Any CPU
		{7D3A732E-4304-427A-8242-BC7CA0AC057F}.Debug|iPhone.Build.0 = Debug|Any CPU
		{7D3A732E-4304-427A-8242-BC7CA0AC057F}.Debug|iPhoneSimulator.ActiveCfg = Debug|Any CPU
		{7D3A732E-4304-427A-8242-BC7CA0AC057F}.Debug|iPhoneSimulator.Build.0 = Debug|Any CPU
		{7D3A732E-4304-427A-8242-BC7CA0AC057F}.Debug|x64.ActiveCfg = Debug|Any CPU
		{7D3A732E-4304-427A-8242-BC7CA0AC057F}.Debug|x64.Build.0 = Debug|Any CPU
		{7D3A732E-4304-427A-8242-BC7CA0AC057F}.Debug|x86.ActiveCfg = Debug|Any CPU
		{7D3A732E-4304-427A-8242-BC7CA0AC057F}.Debug|x86.Build.0 = Debug|Any CPU
		{7D3A732E-4304-427A-8242-BC7CA0AC057F}.Release|Any CPU.ActiveCfg = Release|Any CPU
		{7D3A732E-4304-427A-8242-BC7CA0AC057F}.Release|Any CPU.Build.0 = Release|Any CPU
		{7D3A732E-4304-427A-8242-BC7CA0AC057F}.Release|ARM.ActiveCfg = Release|Any CPU
		{7D3A732E-4304-427A-8242-BC7CA0AC057F}.Release|ARM.Build.0 = Release|Any CPU
		{7D3A732E-4304-427A-8242-BC7CA0AC057F}.Release|iPhone.ActiveCfg = Release|Any CPU
		{7D3A732E-4304-427A-8242-BC7CA0AC057F}.Release|iPhone.Build.0 = Release|Any CPU
		{7D3A732E-4304-427A-8242-BC7CA0AC057F}.Release|iPhoneSimulator.ActiveCfg = Release|Any CPU
		{7D3A732E-4304-427A-8242-BC7CA0AC057F}.Release|iPhoneSimulator.Build.0 = Release|Any CPU
		{7D3A732E-4304-427A-8242-BC7CA0AC057F}.Release|x64.ActiveCfg = Release|Any CPU
		{7D3A732E-4304-427A-8242-BC7CA0AC057F}.Release|x64.Build.0 = Release|Any CPU
		{7D3A732E-4304-427A-8242-BC7CA0AC057F}.Release|x86.ActiveCfg = Release|Any CPU
		{7D3A732E-4304-427A-8242-BC7CA0AC057F}.Release|x86.Build.0 = Release|Any CPU
		{5026DFF1-82B6-483C-A769-4A6A9CF0A485}.Ad-Hoc|Any CPU.ActiveCfg = Release|Any CPU
		{5026DFF1-82B6-483C-A769-4A6A9CF0A485}.Ad-Hoc|Any CPU.Build.0 = Release|Any CPU
		{5026DFF1-82B6-483C-A769-4A6A9CF0A485}.Ad-Hoc|Any CPU.Deploy.0 = Release|Any CPU
		{5026DFF1-82B6-483C-A769-4A6A9CF0A485}.Ad-Hoc|ARM.ActiveCfg = Release|Any CPU
		{5026DFF1-82B6-483C-A769-4A6A9CF0A485}.Ad-Hoc|ARM.Build.0 = Release|Any CPU
		{5026DFF1-82B6-483C-A769-4A6A9CF0A485}.Ad-Hoc|ARM.Deploy.0 = Release|Any CPU
		{5026DFF1-82B6-483C-A769-4A6A9CF0A485}.Ad-Hoc|iPhone.ActiveCfg = Release|Any CPU
		{5026DFF1-82B6-483C-A769-4A6A9CF0A485}.Ad-Hoc|iPhone.Build.0 = Release|Any CPU
		{5026DFF1-82B6-483C-A769-4A6A9CF0A485}.Ad-Hoc|iPhone.Deploy.0 = Release|Any CPU
		{5026DFF1-82B6-483C-A769-4A6A9CF0A485}.Ad-Hoc|iPhoneSimulator.ActiveCfg = Release|Any CPU
		{5026DFF1-82B6-483C-A769-4A6A9CF0A485}.Ad-Hoc|iPhoneSimulator.Build.0 = Release|Any CPU
		{5026DFF1-82B6-483C-A769-4A6A9CF0A485}.Ad-Hoc|iPhoneSimulator.Deploy.0 = Release|Any CPU
		{5026DFF1-82B6-483C-A769-4A6A9CF0A485}.Ad-Hoc|x64.ActiveCfg = Release|Any CPU
		{5026DFF1-82B6-483C-A769-4A6A9CF0A485}.Ad-Hoc|x64.Build.0 = Release|Any CPU
		{5026DFF1-82B6-483C-A769-4A6A9CF0A485}.Ad-Hoc|x64.Deploy.0 = Release|Any CPU
		{5026DFF1-82B6-483C-A769-4A6A9CF0A485}.Ad-Hoc|x86.ActiveCfg = Release|Any CPU
		{5026DFF1-82B6-483C-A769-4A6A9CF0A485}.Ad-Hoc|x86.Build.0 = Release|Any CPU
		{5026DFF1-82B6-483C-A769-4A6A9CF0A485}.Ad-Hoc|x86.Deploy.0 = Release|Any CPU
		{5026DFF1-82B6-483C-A769-4A6A9CF0A485}.AppStore|Any CPU.ActiveCfg = Release|Any CPU
		{5026DFF1-82B6-483C-A769-4A6A9CF0A485}.AppStore|Any CPU.Build.0 = Release|Any CPU
		{5026DFF1-82B6-483C-A769-4A6A9CF0A485}.AppStore|Any CPU.Deploy.0 = Release|Any CPU
		{5026DFF1-82B6-483C-A769-4A6A9CF0A485}.AppStore|ARM.ActiveCfg = Release|Any CPU
		{5026DFF1-82B6-483C-A769-4A6A9CF0A485}.AppStore|ARM.Build.0 = Release|Any CPU
		{5026DFF1-82B6-483C-A769-4A6A9CF0A485}.AppStore|ARM.Deploy.0 = Release|Any CPU
		{5026DFF1-82B6-483C-A769-4A6A9CF0A485}.AppStore|iPhone.ActiveCfg = Release|Any CPU
		{5026DFF1-82B6-483C-A769-4A6A9CF0A485}.AppStore|iPhone.Build.0 = Release|Any CPU
		{5026DFF1-82B6-483C-A769-4A6A9CF0A485}.AppStore|iPhone.Deploy.0 = Release|Any CPU
		{5026DFF1-82B6-483C-A769-4A6A9CF0A485}.AppStore|iPhoneSimulator.ActiveCfg = Release|Any CPU
		{5026DFF1-82B6-483C-A769-4A6A9CF0A485}.AppStore|iPhoneSimulator.Build.0 = Release|Any CPU
		{5026DFF1-82B6-483C-A769-4A6A9CF0A485}.AppStore|iPhoneSimulator.Deploy.0 = Release|Any CPU
		{5026DFF1-82B6-483C-A769-4A6A9CF0A485}.AppStore|x64.ActiveCfg = Release|Any CPU
		{5026DFF1-82B6-483C-A769-4A6A9CF0A485}.AppStore|x64.Build.0 = Release|Any CPU
		{5026DFF1-82B6-483C-A769-4A6A9CF0A485}.AppStore|x64.Deploy.0 = Release|Any CPU
		{5026DFF1-82B6-483C-A769-4A6A9CF0A485}.AppStore|x86.ActiveCfg = Release|Any CPU
		{5026DFF1-82B6-483C-A769-4A6A9CF0A485}.AppStore|x86.Build.0 = Release|Any CPU
		{5026DFF1-82B6-483C-A769-4A6A9CF0A485}.AppStore|x86.Deploy.0 = Release|Any CPU
		{5026DFF1-82B6-483C-A769-4A6A9CF0A485}.Debug|Any CPU.ActiveCfg = Debug|Any CPU
		{5026DFF1-82B6-483C-A769-4A6A9CF0A485}.Debug|Any CPU.Build.0 = Debug|Any CPU
		{5026DFF1-82B6-483C-A769-4A6A9CF0A485}.Debug|Any CPU.Deploy.0 = Debug|Any CPU
		{5026DFF1-82B6-483C-A769-4A6A9CF0A485}.Debug|ARM.ActiveCfg = Debug|Any CPU
		{5026DFF1-82B6-483C-A769-4A6A9CF0A485}.Debug|ARM.Build.0 = Debug|Any CPU
		{5026DFF1-82B6-483C-A769-4A6A9CF0A485}.Debug|ARM.Deploy.0 = Debug|Any CPU
		{5026DFF1-82B6-483C-A769-4A6A9CF0A485}.Debug|iPhone.ActiveCfg = Debug|Any CPU
		{5026DFF1-82B6-483C-A769-4A6A9CF0A485}.Debug|iPhone.Build.0 = Debug|Any CPU
		{5026DFF1-82B6-483C-A769-4A6A9CF0A485}.Debug|iPhone.Deploy.0 = Debug|Any CPU
		{5026DFF1-82B6-483C-A769-4A6A9CF0A485}.Debug|iPhoneSimulator.ActiveCfg = Debug|Any CPU
		{5026DFF1-82B6-483C-A769-4A6A9CF0A485}.Debug|iPhoneSimulator.Build.0 = Debug|Any CPU
		{5026DFF1-82B6-483C-A769-4A6A9CF0A485}.Debug|iPhoneSimulator.Deploy.0 = Debug|Any CPU
		{5026DFF1-82B6-483C-A769-4A6A9CF0A485}.Debug|x64.ActiveCfg = Debug|Any CPU
		{5026DFF1-82B6-483C-A769-4A6A9CF0A485}.Debug|x64.Build.0 = Debug|Any CPU
		{5026DFF1-82B6-483C-A769-4A6A9CF0A485}.Debug|x64.Deploy.0 = Debug|Any CPU
		{5026DFF1-82B6-483C-A769-4A6A9CF0A485}.Debug|x86.ActiveCfg = Debug|Any CPU
		{5026DFF1-82B6-483C-A769-4A6A9CF0A485}.Debug|x86.Build.0 = Debug|Any CPU
		{5026DFF1-82B6-483C-A769-4A6A9CF0A485}.Debug|x86.Deploy.0 = Debug|Any CPU
		{5026DFF1-82B6-483C-A769-4A6A9CF0A485}.Release|Any CPU.ActiveCfg = Release|Any CPU
		{5026DFF1-82B6-483C-A769-4A6A9CF0A485}.Release|Any CPU.Build.0 = Release|Any CPU
		{5026DFF1-82B6-483C-A769-4A6A9CF0A485}.Release|Any CPU.Deploy.0 = Release|Any CPU
		{5026DFF1-82B6-483C-A769-4A6A9CF0A485}.Release|ARM.ActiveCfg = Release|Any CPU
		{5026DFF1-82B6-483C-A769-4A6A9CF0A485}.Release|ARM.Build.0 = Release|Any CPU
		{5026DFF1-82B6-483C-A769-4A6A9CF0A485}.Release|ARM.Deploy.0 = Release|Any CPU
		{5026DFF1-82B6-483C-A769-4A6A9CF0A485}.Release|iPhone.ActiveCfg = Release|Any CPU
		{5026DFF1-82B6-483C-A769-4A6A9CF0A485}.Release|iPhone.Build.0 = Release|Any CPU
		{5026DFF1-82B6-483C-A769-4A6A9CF0A485}.Release|iPhone.Deploy.0 = Release|Any CPU
		{5026DFF1-82B6-483C-A769-4A6A9CF0A485}.Release|iPhoneSimulator.ActiveCfg = Release|Any CPU
		{5026DFF1-82B6-483C-A769-4A6A9CF0A485}.Release|iPhoneSimulator.Build.0 = Release|Any CPU
		{5026DFF1-82B6-483C-A769-4A6A9CF0A485}.Release|iPhoneSimulator.Deploy.0 = Release|Any CPU
		{5026DFF1-82B6-483C-A769-4A6A9CF0A485}.Release|x64.ActiveCfg = Release|Any CPU
		{5026DFF1-82B6-483C-A769-4A6A9CF0A485}.Release|x64.Build.0 = Release|Any CPU
		{5026DFF1-82B6-483C-A769-4A6A9CF0A485}.Release|x64.Deploy.0 = Release|Any CPU
		{5026DFF1-82B6-483C-A769-4A6A9CF0A485}.Release|x86.ActiveCfg = Release|Any CPU
		{5026DFF1-82B6-483C-A769-4A6A9CF0A485}.Release|x86.Build.0 = Release|Any CPU
		{5026DFF1-82B6-483C-A769-4A6A9CF0A485}.Release|x86.Deploy.0 = Release|Any CPU
		{C1EC239D-DF14-465B-8FEB-83684081AB4D}.Ad-Hoc|Any CPU.ActiveCfg = Ad-Hoc|iPhone
		{C1EC239D-DF14-465B-8FEB-83684081AB4D}.Ad-Hoc|ARM.ActiveCfg = Ad-Hoc|iPhone
		{C1EC239D-DF14-465B-8FEB-83684081AB4D}.Ad-Hoc|iPhone.ActiveCfg = Ad-Hoc|iPhone
		{C1EC239D-DF14-465B-8FEB-83684081AB4D}.Ad-Hoc|iPhone.Build.0 = Ad-Hoc|iPhone
		{C1EC239D-DF14-465B-8FEB-83684081AB4D}.Ad-Hoc|iPhoneSimulator.ActiveCfg = Ad-Hoc|iPhoneSimulator
		{C1EC239D-DF14-465B-8FEB-83684081AB4D}.Ad-Hoc|iPhoneSimulator.Build.0 = Ad-Hoc|iPhoneSimulator
		{C1EC239D-DF14-465B-8FEB-83684081AB4D}.Ad-Hoc|x64.ActiveCfg = Ad-Hoc|iPhone
		{C1EC239D-DF14-465B-8FEB-83684081AB4D}.Ad-Hoc|x86.ActiveCfg = Ad-Hoc|iPhone
		{C1EC239D-DF14-465B-8FEB-83684081AB4D}.AppStore|Any CPU.ActiveCfg = AppStore|iPhone
		{C1EC239D-DF14-465B-8FEB-83684081AB4D}.AppStore|ARM.ActiveCfg = AppStore|iPhone
		{C1EC239D-DF14-465B-8FEB-83684081AB4D}.AppStore|iPhone.ActiveCfg = AppStore|iPhone
		{C1EC239D-DF14-465B-8FEB-83684081AB4D}.AppStore|iPhone.Build.0 = AppStore|iPhone
		{C1EC239D-DF14-465B-8FEB-83684081AB4D}.AppStore|iPhoneSimulator.ActiveCfg = AppStore|iPhoneSimulator
		{C1EC239D-DF14-465B-8FEB-83684081AB4D}.AppStore|iPhoneSimulator.Build.0 = AppStore|iPhoneSimulator
		{C1EC239D-DF14-465B-8FEB-83684081AB4D}.AppStore|x64.ActiveCfg = AppStore|iPhone
		{C1EC239D-DF14-465B-8FEB-83684081AB4D}.AppStore|x86.ActiveCfg = AppStore|iPhone
		{C1EC239D-DF14-465B-8FEB-83684081AB4D}.Debug|Any CPU.ActiveCfg = Debug|iPhone
		{C1EC239D-DF14-465B-8FEB-83684081AB4D}.Debug|Any CPU.Build.0 = Debug|iPhone
		{C1EC239D-DF14-465B-8FEB-83684081AB4D}.Debug|ARM.ActiveCfg = Debug|iPhone
		{C1EC239D-DF14-465B-8FEB-83684081AB4D}.Debug|iPhone.ActiveCfg = Debug|iPhone
		{C1EC239D-DF14-465B-8FEB-83684081AB4D}.Debug|iPhone.Build.0 = Debug|iPhone
		{C1EC239D-DF14-465B-8FEB-83684081AB4D}.Debug|iPhoneSimulator.ActiveCfg = Debug|iPhoneSimulator
		{C1EC239D-DF14-465B-8FEB-83684081AB4D}.Debug|iPhoneSimulator.Build.0 = Debug|iPhoneSimulator
		{C1EC239D-DF14-465B-8FEB-83684081AB4D}.Debug|x64.ActiveCfg = Debug|iPhone
		{C1EC239D-DF14-465B-8FEB-83684081AB4D}.Debug|x86.ActiveCfg = Debug|iPhone
		{C1EC239D-DF14-465B-8FEB-83684081AB4D}.Release|Any CPU.ActiveCfg = Release|iPhone
		{C1EC239D-DF14-465B-8FEB-83684081AB4D}.Release|ARM.ActiveCfg = Release|iPhone
		{C1EC239D-DF14-465B-8FEB-83684081AB4D}.Release|iPhone.ActiveCfg = Release|iPhone
		{C1EC239D-DF14-465B-8FEB-83684081AB4D}.Release|iPhone.Build.0 = Release|iPhone
		{C1EC239D-DF14-465B-8FEB-83684081AB4D}.Release|iPhoneSimulator.ActiveCfg = Release|iPhoneSimulator
		{C1EC239D-DF14-465B-8FEB-83684081AB4D}.Release|iPhoneSimulator.Build.0 = Release|iPhoneSimulator
		{C1EC239D-DF14-465B-8FEB-83684081AB4D}.Release|x64.ActiveCfg = Release|iPhone
		{C1EC239D-DF14-465B-8FEB-83684081AB4D}.Release|x86.ActiveCfg = Release|iPhone
		{B0E39EFD-A9EF-471B-9E22-C81D38F1BF66}.Ad-Hoc|Any CPU.ActiveCfg = Release|x86
		{B0E39EFD-A9EF-471B-9E22-C81D38F1BF66}.Ad-Hoc|Any CPU.Build.0 = Release|x86
		{B0E39EFD-A9EF-471B-9E22-C81D38F1BF66}.Ad-Hoc|Any CPU.Deploy.0 = Release|x86
		{B0E39EFD-A9EF-471B-9E22-C81D38F1BF66}.Ad-Hoc|ARM.ActiveCfg = Release|ARM
		{B0E39EFD-A9EF-471B-9E22-C81D38F1BF66}.Ad-Hoc|ARM.Build.0 = Release|ARM
		{B0E39EFD-A9EF-471B-9E22-C81D38F1BF66}.Ad-Hoc|ARM.Deploy.0 = Release|ARM
		{B0E39EFD-A9EF-471B-9E22-C81D38F1BF66}.Ad-Hoc|iPhone.ActiveCfg = Release|x86
		{B0E39EFD-A9EF-471B-9E22-C81D38F1BF66}.Ad-Hoc|iPhone.Build.0 = Release|x86
		{B0E39EFD-A9EF-471B-9E22-C81D38F1BF66}.Ad-Hoc|iPhone.Deploy.0 = Release|x86
		{B0E39EFD-A9EF-471B-9E22-C81D38F1BF66}.Ad-Hoc|iPhoneSimulator.ActiveCfg = Release|x86
		{B0E39EFD-A9EF-471B-9E22-C81D38F1BF66}.Ad-Hoc|iPhoneSimulator.Build.0 = Release|x86
		{B0E39EFD-A9EF-471B-9E22-C81D38F1BF66}.Ad-Hoc|iPhoneSimulator.Deploy.0 = Release|x86
		{B0E39EFD-A9EF-471B-9E22-C81D38F1BF66}.Ad-Hoc|x64.ActiveCfg = Release|x64
		{B0E39EFD-A9EF-471B-9E22-C81D38F1BF66}.Ad-Hoc|x64.Build.0 = Release|x64
		{B0E39EFD-A9EF-471B-9E22-C81D38F1BF66}.Ad-Hoc|x64.Deploy.0 = Release|x64
		{B0E39EFD-A9EF-471B-9E22-C81D38F1BF66}.Ad-Hoc|x86.ActiveCfg = Release|x86
		{B0E39EFD-A9EF-471B-9E22-C81D38F1BF66}.Ad-Hoc|x86.Build.0 = Release|x86
		{B0E39EFD-A9EF-471B-9E22-C81D38F1BF66}.Ad-Hoc|x86.Deploy.0 = Release|x86
		{B0E39EFD-A9EF-471B-9E22-C81D38F1BF66}.AppStore|Any CPU.ActiveCfg = Release|x86
		{B0E39EFD-A9EF-471B-9E22-C81D38F1BF66}.AppStore|Any CPU.Build.0 = Release|x86
		{B0E39EFD-A9EF-471B-9E22-C81D38F1BF66}.AppStore|Any CPU.Deploy.0 = Release|x86
		{B0E39EFD-A9EF-471B-9E22-C81D38F1BF66}.AppStore|ARM.ActiveCfg = Release|ARM
		{B0E39EFD-A9EF-471B-9E22-C81D38F1BF66}.AppStore|ARM.Build.0 = Release|ARM
		{B0E39EFD-A9EF-471B-9E22-C81D38F1BF66}.AppStore|ARM.Deploy.0 = Release|ARM
		{B0E39EFD-A9EF-471B-9E22-C81D38F1BF66}.AppStore|iPhone.ActiveCfg = Release|x86
		{B0E39EFD-A9EF-471B-9E22-C81D38F1BF66}.AppStore|iPhone.Build.0 = Release|x86
		{B0E39EFD-A9EF-471B-9E22-C81D38F1BF66}.AppStore|iPhone.Deploy.0 = Release|x86
		{B0E39EFD-A9EF-471B-9E22-C81D38F1BF66}.AppStore|iPhoneSimulator.ActiveCfg = Release|x86
		{B0E39EFD-A9EF-471B-9E22-C81D38F1BF66}.AppStore|iPhoneSimulator.Build.0 = Release|x86
		{B0E39EFD-A9EF-471B-9E22-C81D38F1BF66}.AppStore|iPhoneSimulator.Deploy.0 = Release|x86
		{B0E39EFD-A9EF-471B-9E22-C81D38F1BF66}.AppStore|x64.ActiveCfg = Release|x64
		{B0E39EFD-A9EF-471B-9E22-C81D38F1BF66}.AppStore|x64.Build.0 = Release|x64
		{B0E39EFD-A9EF-471B-9E22-C81D38F1BF66}.AppStore|x64.Deploy.0 = Release|x64
		{B0E39EFD-A9EF-471B-9E22-C81D38F1BF66}.AppStore|x86.ActiveCfg = Release|x86
		{B0E39EFD-A9EF-471B-9E22-C81D38F1BF66}.AppStore|x86.Build.0 = Release|x86
		{B0E39EFD-A9EF-471B-9E22-C81D38F1BF66}.AppStore|x86.Deploy.0 = Release|x86
		{B0E39EFD-A9EF-471B-9E22-C81D38F1BF66}.Debug|Any CPU.ActiveCfg = Debug|x86
		{B0E39EFD-A9EF-471B-9E22-C81D38F1BF66}.Debug|Any CPU.Build.0 = Debug|x86
		{B0E39EFD-A9EF-471B-9E22-C81D38F1BF66}.Debug|Any CPU.Deploy.0 = Debug|x86
		{B0E39EFD-A9EF-471B-9E22-C81D38F1BF66}.Debug|ARM.ActiveCfg = Debug|ARM
		{B0E39EFD-A9EF-471B-9E22-C81D38F1BF66}.Debug|ARM.Build.0 = Debug|ARM
		{B0E39EFD-A9EF-471B-9E22-C81D38F1BF66}.Debug|ARM.Deploy.0 = Debug|ARM
		{B0E39EFD-A9EF-471B-9E22-C81D38F1BF66}.Debug|iPhone.ActiveCfg = Debug|x86
		{B0E39EFD-A9EF-471B-9E22-C81D38F1BF66}.Debug|iPhoneSimulator.ActiveCfg = Debug|x86
		{B0E39EFD-A9EF-471B-9E22-C81D38F1BF66}.Debug|x64.ActiveCfg = Debug|x64
		{B0E39EFD-A9EF-471B-9E22-C81D38F1BF66}.Debug|x64.Build.0 = Debug|x64
		{B0E39EFD-A9EF-471B-9E22-C81D38F1BF66}.Debug|x64.Deploy.0 = Debug|x64
		{B0E39EFD-A9EF-471B-9E22-C81D38F1BF66}.Debug|x86.ActiveCfg = Debug|x86
		{B0E39EFD-A9EF-471B-9E22-C81D38F1BF66}.Debug|x86.Build.0 = Debug|x86
		{B0E39EFD-A9EF-471B-9E22-C81D38F1BF66}.Debug|x86.Deploy.0 = Debug|x86
		{B0E39EFD-A9EF-471B-9E22-C81D38F1BF66}.Release|Any CPU.ActiveCfg = Release|x86
		{B0E39EFD-A9EF-471B-9E22-C81D38F1BF66}.Release|ARM.ActiveCfg = Release|ARM
		{B0E39EFD-A9EF-471B-9E22-C81D38F1BF66}.Release|ARM.Build.0 = Release|ARM
		{B0E39EFD-A9EF-471B-9E22-C81D38F1BF66}.Release|ARM.Deploy.0 = Release|ARM
		{B0E39EFD-A9EF-471B-9E22-C81D38F1BF66}.Release|iPhone.ActiveCfg = Release|x86
		{B0E39EFD-A9EF-471B-9E22-C81D38F1BF66}.Release|iPhoneSimulator.ActiveCfg = Release|x86
		{B0E39EFD-A9EF-471B-9E22-C81D38F1BF66}.Release|x64.ActiveCfg = Release|x64
		{B0E39EFD-A9EF-471B-9E22-C81D38F1BF66}.Release|x64.Build.0 = Release|x64
		{B0E39EFD-A9EF-471B-9E22-C81D38F1BF66}.Release|x64.Deploy.0 = Release|x64
		{B0E39EFD-A9EF-471B-9E22-C81D38F1BF66}.Release|x86.ActiveCfg = Release|x86
		{B0E39EFD-A9EF-471B-9E22-C81D38F1BF66}.Release|x86.Build.0 = Release|x86
		{B0E39EFD-A9EF-471B-9E22-C81D38F1BF66}.Release|x86.Deploy.0 = Release|x86
	EndGlobalSection
	GlobalSection(SolutionProperties) = preSolution
		HideSolutionNode = FALSE
	EndGlobalSection
EndGlobal
